{
  "name": "upstream-reference",
  "version": "1.0.0",
  "lockfileVersion": 3,
  "requires": true,
  "packages": {
    "": {
      "name": "upstream-reference",
      "version": "1.0.0",
      "license": "ISC",
      "dependencies": {
        "@eclipse-glsp-examples/workflow-glsp": "^2.8.0",
        "@eclipse-glsp-examples/workflow-server-bundled": "^2.8.0"
      }
    },
    "node_modules/@eclipse-glsp-examples/workflow-glsp": {
      "version": "2.8.0",
      "resolved": "https://registry.npmjs.org/@eclipse-glsp-examples/workflow-glsp/-/workflow-glsp-2.8.0.tgz",
      "integrity": "sha512-i7ixCkQeZkTu9vLA8DI1A/GZ4cquUx5uKKROlYJPVolLSeXu3Di63oCkMyl0lhaOP0J11ZrUJtAJ8xnMbK845w==",
      "license": "(EPL-2.0 OR GPL-2.0 WITH Classpath-exception-2.0)",
      "dependencies": {
        "@eclipse-glsp/client": "2.8.0",
        "balloon-css": "^0.5.0",
        "snabbdom": "~3.5.1"
      },
      "peerDependencies": {
        "inversify": "^6.1.3",
        "reflect-metadata": "^0.2.2"
      }
    },
    "node_modules/@eclipse-glsp-examples/workflow-server-bundled": {
      "version": "2.8.0",
      "resolved": "https://registry.npmjs.org/@eclipse-glsp-examples/workflow-server-bundled/-/workflow-server-bundled-2.8.0.tgz",
      "integrity": "sha512-i/KvHCQaQUeRN9d3G59g38ScitRLg92W/mN0keGstDFlhtj0XW11BvNbHT94RseWEiMaVuD/vWtJX7fnanL02A==",
      "license": "(EPL-2.0 OR GPL-2.0 WITH Classpath-exception-2.0)"
    },
    "node_modules/@eclipse-glsp/client": {
      "version": "2.8.0",
      "resolved": "https://registry.npmjs.org/@eclipse-glsp/client/-/client-2.8.0.tgz",
      "integrity": "sha512-dR3mQ3jMUIxMic0Bd8cxg6POeMM8o2i7XVDMTP8gxcsdezk2YipHQRYYQ6YDyk3UPqxoBhwyD0a14qFqTJDYIQ==",
      "license": "(EPL-2.0 OR GPL-2.0 WITH Classpath-exception-2.0)",
      "dependencies": {
        "@eclipse-glsp/sprotty": "2.8.0",
        "@vscode/codicons": "^0.0.44",
        "autocompleter": "^9.1.2",
        "file-saver": "^2.0.5",
        "snabbdom": "~3.5.1",
        "vscode-jsonrpc": "8.2.0"
      },
      "peerDependencies": {
        "inversify": "^6.1.3",
        "reflect-metadata": "^0.2.2"
      }
    },
    "node_modules/@eclipse-glsp/protocol": {
      "version": "2.8.0",
      "resolved": "https://registry.npmjs.org/@eclipse-glsp/protocol/-/protocol-2.8.0.tgz",
      "integrity": "sha512-Dd9sVtX1kRkvWnGeyF9pC2DrHUDYaDgm0TukuRIaw4SvlKeKK2w48c2hmpRkKpsIKbWw8lk8R53FDKTqE52jnQ==",
      "license": "(EPL-2.0 OR GPL-2.0 WITH Classpath-exception-2.0)",
      "dependencies": {
        "sprotty-protocol": "1.4.0",
        "uuid": "^14.0.0",
        "vscode-jsonrpc": "8.2.0"
      },
      "peerDependencies": {
        "inversify": "^6.1.3",
        "reflect-metadata": "^0.2.2"
      },
      "peerDependenciesMeta": {
        "inversify": {
          "optional": true
        },
        "reflect-metadata": {
          "optional": true
        }
      }
    },
    "node_modules/@eclipse-glsp/sprotty": {
      "version": "2.8.0",
      "resolved": "https://registry.npmjs.org/@eclipse-glsp/sprotty/-/sprotty-2.8.0.tgz",
      "integrity": "sha512-gT9JnPsecfCU2ycXCceTj66Q3UsVgya+9+JZd51b1q7Q/6zusH51x1/FkEGBbfPWpimG3awpNLV7SDdZEidNOg==",
      "license": "(EPL-2.0 OR GPL-2.0 WITH Classpath-exception-2.0)",
      "dependencies": {
        "@eclipse-glsp/protocol": "2.8.0",
        "autocompleter": "^9.1.0",
        "snabbdom": "~3.5.1",
        "sprotty": "1.4.0",
        "sprotty-protocol": "1.4.0",
        "vscode-jsonrpc": "8.2.0"
      },
      "peerDependencies": {
        "inversify": "^6.1.3",
        "reflect-metadata": "^0.2.2"
      }
    },
    "node_modules/@inversifyjs/common": {
      "version": "1.4.0",
      "resolved": "https://registry.npmjs.org/@inversifyjs/common/-/common-1.4.0.tgz",
      "integrity": "sha512-qfRJ/3iOlCL/VfJq8+4o5X4oA14cZSBbpAmHsYj8EsIit1xDndoOl0xKOyglKtQD4u4gdNVxMHx4RWARk/I4QA==",
      "license": "MIT"
    },
    "node_modules/@inversifyjs/core": {
      "version": "1.3.5",
      "resolved": "https://registry.npmjs.org/@inversifyjs/core/-/core-1.3.5.tgz",
      "integrity": "sha512-B4MFXabhNTAmrfgB+yeD6wd/GIvmvWC6IQ8Rh/j2C3Ix69kmqwz9pr8Jt3E+Nho9aEHOQCZaGmrALgtqRd+oEQ==",
      "license": "MIT",
      "dependencies": {
        "@inversifyjs/common": "1.4.0",
        "@inversifyjs/reflect-metadata-utils": "0.2.4"
      }
    },
    "node_modules/@inversifyjs/reflect-metadata-utils": {
      "version": "0.2.4",
      "resolved": "https://registry.npmjs.org/@inversifyjs/reflect-metadata-utils/-/reflect-metadata-utils-0.2.4.tgz",
      "integrity": "sha512-u95rV3lKfG+NT2Uy/5vNzoDujos8vN8O18SSA5UyhxsGYd4GLQn/eUsGXfOsfa7m34eKrDelTKRUX1m/BcNX5w==",
      "license": "MIT",
      "peerDependencies": {
        "reflect-metadata": "0.2.2"
      }
    },
    "node_modules/@vscode/codicons": {
      "version": "0.0.44",
      "resolved": "https://registry.npmjs.org/@vscode/codicons/-/codicons-0.0.44.tgz",
      "integrity": "sha512-F7qPRumUK3EHjNdopfICLGRf3iNPoZQt+McTHAn4AlOWPB3W2kL4H0S7uqEqbyZ6rCxaeDjpAn3MCUnwTu/VJQ==",
      "license": "CC-BY-4.0"
    },
    "node_modules/autocompleter": {
      "version": "9.3.2",
      "resolved": "https://registry.npmjs.org/autocompleter/-/autocompleter-9.3.2.tgz",
      "integrity": "sha512-rLbf2TLGOD7y+gOS36ksrZdIsvoHa2KXc2A7503w+NBRPrcF73zzFeYBxEcV/iMPjaBH3jFhNIYObZ7zt1fkCQ==",
      "license": "MIT"
    },
    "node_modules/balloon-css": {
      "version": "0.5.2",
      "resolved": "https://registry.npmjs.org/balloon-css/-/balloon-css-0.5.2.tgz",
      "integrity": "sha512-zheJpzwyNrG4t39vusA67v3BYg1HTVXOF8cErPEHzWK88PEOFwgo6Ea9VHOgOWNMgeuOtFVtB73NE2NWl9uDyQ==",
      "license": "MIT"
    },
    "node_modules/file-saver": {
      "version": "2.0.5",
      "resolved": "https://registry.npmjs.org/file-saver/-/file-saver-2.0.5.tgz",
      "integrity": "sha512-P9bmyZ3h/PRG+Nzga+rbdI4OEpNDzAVyy74uVO9ATgzLK6VtAsYybF/+TOCvrc0MO793d6+42lLyZTw7/ArVzA==",
      "license": "MIT"
    },
    "node_modules/inversify": {
      "version": "6.2.2",
      "resolved": "https://registry.npmjs.org/inversify/-/inversify-6.2.2.tgz",
      "integrity": "sha512-KB836KHbZ9WrUnB8ax5MtadOwnqQYa+ZJO3KWbPFgcr4RIEnHM621VaqFZzOZd9+U7ln6upt9n0wJei7x2BNqw==",
      "license": "MIT",
      "peer": true,
      "dependencies": {
        "@inversifyjs/common": "1.4.0",
        "@inversifyjs/core": "1.3.5"
      },
      "peerDependencies": {
        "reflect-metadata": "~0.2.2"
      }
    },
    "node_modules/reflect-metadata": {
      "version": "0.2.2",
      "resolved": "https://registry.npmjs.org/reflect-metadata/-/reflect-metadata-0.2.2.tgz",
      "integrity": "sha512-urBwgfrvVP/eAyXx4hluJivBKzuEbSQs9rKWCrCkbSxNv8mxPcUZKeuoF3Uy4mJl3Lwprp6yy5/39VWigZ4K6Q==",
      "license": "Apache-2.0",
      "peer": true
    },
    "node_modules/snabbdom": {
      "version": "3.5.1",
      "resolved": "https://registry.npmjs.org/snabbdom/-/snabbdom-3.5.1.tgz",
      "integrity": "sha512-wHMNIOjkm/YNE5EM3RCbr/+DVgPg6AqQAX1eOxO46zYNvCXjKP5Y865tqQj3EXnaMBjkxmQA5jFuDpDK/dbfiA==",
      "license": "MIT",
      "engines": {
        "node": ">=8.3.0"
      }
    },
    "node_modules/sprotty": {
      "version": "1.4.0",
      "resolved": "https://registry.npmjs.org/sprotty/-/sprotty-1.4.0.tgz",
      "integrity": "sha512-QGZZQAM2pOa1QxJUG05Ox76RJOKuvKloT1nCkvs6SD5w/HfkcL0mjq1Om1+fb5NAalDzurrJL6agKUReST3TFw==",
      "license": "(EPL-2.0 OR GPL-2.0 WITH Classpath-exception-2.0)",
      "dependencies": {
        "autocompleter": "^9.1.2",
        "file-saver": "^2.0.5",
        "inversify": "^6.1.3",
        "snabbdom": "~3.5.1",
        "sprotty-protocol": "^1.4.0",
        "tinyqueue": "^2.0.3"
      }
    },
    "node_modules/sprotty-protocol": {
      "version": "1.4.0",
      "resolved": "https://registry.npmjs.org/sprotty-protocol/-/sprotty-protocol-1.4.0.tgz",
      "integrity": "sha512-+AAskW3Mzcq5UhMnummp4wwJ1dYdgT7/utmWoHtjfrK7JTJq9G/VWWlHnTnQGzHHyma03Loy2AozToXoArQuAQ==",
      "license": "(EPL-2.0 OR GPL-2.0 WITH Classpath-exception-2.0)"
    },
    "node_modules/tinyqueue": {
      "version": "2.0.3",
      "resolved": "https://registry.npmjs.org/tinyqueue/-/tinyqueue-2.0.3.tgz",
      "integrity": "sha512-ppJZNDuKGgxzkHihX8v9v9G5f+18gzaTfrukGrq6ueg0lmH4nqVnA2IPG0AEH3jKEk2GRJCUhDoqpoiw3PHLBA==",
      "license": "ISC"
    },
    "node_modules/uuid": {
      "version": "14.0.2",
      "resolved": "https://registry.npmjs.org/uuid/-/uuid-14.0.2.tgz",
      "integrity": "sha512-xZe/16rV4aa+HGSOCiY2YeLT1OybRLrrkL/Rqaq7p7GMVXjFh+6wN4oMYgjFmnSnhY8t6Xpdl2l9qmnHYuMHwQ==",
      "funding": [
        "https://github.com/sponsors/broofa",
        "https://github.com/sponsors/ctavan"
      ],
      "license": "MIT",
      "bin": {
        "uuid": "dist-node/bin/uuid"
      }
    },
    "node_modules/vscode-jsonrpc": {
      "version": "8.2.0",
      "resolved": "https://registry.npmjs.org/vscode-jsonrpc/-/vscode-jsonrpc-8.2.0.tgz",
      "integrity": "sha512-C+r0eKJUIfiDIfwJhria30+TYWPtuHJXHtI7J0YlOmKAo7ogxP20T0zxB7HZQIFhIyvoBPwWskjxrvAtfjyZfA==",
      "license": "MIT",
      "engines": {
        "node": ">=14.0.0"
      }
    }
  }
}
